
Microsoft Visual Studio Solution File, Format Version 12.00
# Visual Studio Version 16
VisualStudioVersion = 16.0.30114.105
MinimumVisualStudioVersion = 10.0.40219.1
Project("{2150E333-8FDC-42A3-9474-1A3956D46DE8}") = "src", "src", "{0AC7DF48-FF98-440D-BF91-BD3F47327BE2}"
EndProject
Project("{FAE04EC0-301F-11D3-BF4B-00C04F79EFBC}") = "CleanArchitecture.Exceptions", "src\CleanArchitecture.Exceptions\CleanArchitecture.Exceptions.csproj", "{9994D23B-F6F4-4083-92DD-DA73B1BFC74F}"
EndProject
Project("{2150E333-8FDC-42A3-9474-1A3956D46DE8}") = "tests", "tests", "{961C6EE9-53CC-42AD-9890-E3FEC242364C}"
EndProject
Project("{FAE04EC0-301F-11D3-BF4B-00C04F79EFBC}") = "CleanArchitecture.Exceptions.Tests", "tests\CleanArchitecture.Exceptions.Tests\CleanArchitecture.Exceptions.Tests.csproj", "{B7D7B49D-60E8-42F3-A5C2-A88E694184C5}"
EndProject
Project("{2150E333-8FDC-42A3-9474-1A3956D46DE8}") = "samples", "samples", "{AB7FD4F3-FF53-4372-A41C-0C33306D737D}"
EndProject
Global
	GlobalSection(SolutionConfigurationPlatforms) = preSolution
		Debug|Any CPU = Debug|Any CPU
		Release|Any CPU = Release|Any CPU
	EndGlobalSection
	GlobalSection(SolutionProperties) = preSolution
		HideSolutionNode = FALSE
	EndGlobalSection
	GlobalSection(ProjectConfigurationPlatforms) = postSolution
		{9994D23B-F6F4-4083-92DD-DA73B1BFC74F}.Debug|Any CPU.ActiveCfg = Debug|Any CPU
		{9994D23B-F6F4-4083-92DD-DA73B1BFC74F}.Debug|Any CPU.Build.0 = Debug|Any CPU
		{9994D23B-F6F4-4083-92DD-DA73B1BFC74F}.Release|Any CPU.ActiveCfg = Release|Any CPU
		{9994D23B-F6F4-4083-92DD-DA73B1BFC74F}.Release|Any CPU.Build.0 = Release|Any CPU
		{B7D7B49D-60E8-42F3-A5C2-A88E694184C5}.Debug|Any CPU.ActiveCfg = Debug|Any CPU
		{B7D7B49D-60E8-42F3-A5C2-A88E694184C5}.Debug|Any CPU.Build.0 = Debug|Any CPU
		{B7D7B49D-60E8-42F3-A5C2-A88E694184C5}.Release|Any CPU.ActiveCfg = Release|Any CPU
		{B7D7B49D-60E8-42F3-A5C2-A88E694184C5}.Release|Any CPU.Build.0 = Release|Any CPU
	EndGlobalSection
	GlobalSection(NestedProjects) = preSolution
		{9994D23B-F6F4-4083-92DD-DA73B1BFC74F} = {0AC7DF48-FF98-440D-BF91-BD3F47327BE2}
		{B7D7B49D-60E8-42F3-A5C2-A88E694184C5} = {961C6EE9-53CC-42AD-9890-E3FEC242364C}
	EndGlobalSection
EndGlobal
